PODS:
  - AFNetworking (3.1.0):
    - AFNetworking/NSURLSession (= 3.1.0)
    - AFNetworking/Reachability (= 3.1.0)
    - AFNetworking/Security (= 3.1.0)
    - AFNetworking/Serialization (= 3.1.0)
    - AFNetworking/UIKit (= 3.1.0)
  - AFNetworking/NSURLSession (3.1.0):
    - AFNetworking/Reachability
    - AFNetworking/Security
    - AFNetworking/Serialization
  - AFNetworking/Reachability (3.1.0)
  - AFNetworking/Security (3.1.0)
  - AFNetworking/Serialization (3.1.0)
  - AFNetworking/UIKit (3.1.0):
    - AFNetworking/NSURLSession
  - GRNetRequest (0.1.0):
    - AFNetworking
    - MJExtension
  - MJExtension (3.0.13)

DEPENDENCIES:
  - GRNetRequest (from `../`)

EXTERNAL SOURCES:
  GRNetRequest:
    :path: "../"

SPEC CHECKSUMS:
  AFNetworking: 5e0e199f73d8626b11e79750991f5d173d1f8b67
  GRNetRequest: 66cd9ca55f530cce011fbded299ed144ee6f0f48
  MJExtension: 5932755f451458eefa24239358817f8d291240c7

PODFILE CHECKSUM: a4e206d86061df4d077bb8509eb68a7d8b7b043e

COCOAPODS: 1.2.0
