// !$*UTF8*$!
{
	archiveVersion = 1;
	classes = {
	};
	objectVersion = 46;
	objects = {

/* Begin PBXBuildFile section */
		6003F58E195388D20070C39A /* Foundation.framework in Frameworks */ = {isa = PBXBuildFile; fileRef = 6003F58D195388D20070C39A /* Foundation.framework */; };
		6003F590195388D20070C39A /* CoreGraphics.framework in Frameworks */ = {isa = PBXBuildFile; fileRef = 6003F58F195388D20070C39A /* CoreGraphics.framework */; };
		6003F592195388D20070C39A /* UIKit.framework in Frameworks */ = {isa = PBXBuildFile; fileRef = 6003F591195388D20070C39A /* UIKit.framework */; };
		6003F598195388D20070C39A /* InfoPlist.strings in Resources */ = {isa = PBXBuildFile; fileRef = 6003F596195388D20070C39A /* InfoPlist.strings */; };
		6003F59A195388D20070C39A /* main.m in Sources */ = {isa = PBXBuildFile; fileRef = 6003F599195388D20070C39A /* main.m */; };
		6003F59E195388D20070C39A /* GRAppDelegate.m in Sources */ = {isa = PBXBuildFile; fileRef = 6003F59D195388D20070C39A /* GRAppDelegate.m */; };
		6003F5A9195388D20070C39A /* Images.xcassets in Resources */ = {isa = PBXBuildFile; fileRef = 6003F5A8195388D20070C39A /* Images.xcassets */; };
		6003F5B0195388D20070C39A /* XCTest.framework in Frameworks */ = {isa = PBXBuildFile; fileRef = 6003F5AF195388D20070C39A /* XCTest.framework */; };
		6003F5B1195388D20070C39A /* Foundation.framework in Frameworks */ = {isa = PBXBuildFile; fileRef = 6003F58D195388D20070C39A /* Foundation.framework */; };
		6003F5B2195388D20070C39A /* UIKit.framework in Frameworks */ = {isa = PBXBuildFile; fileRef = 6003F591195388D20070C39A /* UIKit.framework */; };
		6003F5BA195388D20070C39A /* InfoPlist.strings in Resources */ = {isa = PBXBuildFile; fileRef = 6003F5B8195388D20070C39A /* InfoPlist.strings */; };
		6003F5BC195388D20070C39A /* Tests.m in Sources */ = {isa = PBXBuildFile; fileRef = 6003F5BB195388D20070C39A /* Tests.m */; };
		771B6802ED8DCC3C4FE4FDDC /* Pods_GRNetRequest_Tests.framework in Frameworks */ = {isa = PBXBuildFile; fileRef = D68A99F2F9D66F1A826749C6 /* Pods_GRNetRequest_Tests.framework */; };
		9C03EBDA1EA7286500017C9B /* GRShopListViewController.m in Sources */ = {isa = PBXBuildFile; fileRef = 9C03EBD01EA7286500017C9B /* GRShopListViewController.m */; };
		9C03EBDB1EA7286500017C9B /* GRShopList.m in Sources */ = {isa = PBXBuildFile; fileRef = 9C03EBD31EA7286500017C9B /* GRShopList.m */; };
		9C03EBDC1EA7286500017C9B /* GRShopListRequest.m in Sources */ = {isa = PBXBuildFile; fileRef = 9C03EBD51EA7286500017C9B /* GRShopListRequest.m */; };
		9C03EBDD1EA7286500017C9B /* GRShopListCell.m in Sources */ = {isa = PBXBuildFile; fileRef = 9C03EBD81EA7286500017C9B /* GRShopListCell.m */; };
		9C03EBDE1EA7286500017C9B /* GRShopListCell.xib in Resources */ = {isa = PBXBuildFile; fileRef = 9C03EBD91EA7286500017C9B /* GRShopListCell.xib */; };
		9C03EBE11EA728CC00017C9B /* GRAppStyle.m in Sources */ = {isa = PBXBuildFile; fileRef = 9C03EBDF1EA728CC00017C9B /* GRAppStyle.m */; };
		9C03EBE41EA7290D00017C9B /* GRListTypeModel.m in Sources */ = {isa = PBXBuildFile; fileRef = 9C03EBE21EA7290D00017C9B /* GRListTypeModel.m */; };
		9C03EBE81EA729A200017C9B /* UIView+GRShortcut.m in Sources */ = {isa = PBXBuildFile; fileRef = 9C03EBE61EA729A200017C9B /* UIView+GRShortcut.m */; };
		9C03EBEC1EA72B0800017C9B /* GRViewController.m in Sources */ = {isa = PBXBuildFile; fileRef = 9C03EBEA1EA72B0800017C9B /* GRViewController.m */; };
		9C03EBEF1EA72B6800017C9B /* MBProgressHUD.m in Sources */ = {isa = PBXBuildFile; fileRef = 9C03EBED1EA72B6800017C9B /* MBProgressHUD.m */; };
		9C03EBF41EA72BD600017C9B /* UIImage+GROperation.m in Sources */ = {isa = PBXBuildFile; fileRef = 9C03EBF01EA72BD600017C9B /* UIImage+GROperation.m */; };
		9C03EBF51EA72BD600017C9B /* NSString+GRCommen.m in Sources */ = {isa = PBXBuildFile; fileRef = 9C03EBF21EA72BD600017C9B /* NSString+GRCommen.m */; };
		9C03EBF81EA72C2F00017C9B /* MBProgressHUD+GRShow.m in Sources */ = {isa = PBXBuildFile; fileRef = 9C03EBF61EA72C2F00017C9B /* MBProgressHUD+GRShow.m */; };
		9C03EBFD1EA72F5000017C9B /* LaunchScreen.storyboard in Resources */ = {isa = PBXBuildFile; fileRef = 9C03EBFB1EA72F5000017C9B /* LaunchScreen.storyboard */; };
		F0E9D332238460EA00E95E07 /* Pods_GRNetRequest_Example.framework in Frameworks */ = {isa = PBXBuildFile; fileRef = 8F690E9A21CFA0FD68D87398 /* Pods_GRNetRequest_Example.framework */; };
/* End PBXBuildFile section */

/* Begin PBXContainerItemProxy section */
		6003F5B3195388D20070C39A /* PBXContainerItemProxy */ = {
			isa = PBXContainerItemProxy;
			containerPortal = 6003F582195388D10070C39A /* Project object */;
			proxyType = 1;
			remoteGlobalIDString = 6003F589195388D20070C39A;
			remoteInfo = GRNetRequest;
		};
/* End PBXContainerItemProxy section */

/* Begin PBXFileReference section */
		23330752A22C8FAD70A9F6D5 /* Pods-GRNetRequest_Example.release.xcconfig */ = {isa = PBXFileReference; includeInIndex = 1; lastKnownFileType = text.xcconfig; name = "Pods-GRNetRequest_Example.release.xcconfig"; path = "Pods/Target Support Files/Pods-GRNetRequest_Example/Pods-GRNetRequest_Example.release.xcconfig"; sourceTree = "<group>"; };
		5BE149D9B72C517132784CD5 /* Pods-GRNetRequest_Tests.debug.xcconfig */ = {isa = PBXFileReference; includeInIndex = 1; lastKnownFileType = text.xcconfig; name = "Pods-GRNetRequest_Tests.debug.xcconfig"; path = "Pods/Target Support Files/Pods-GRNetRequest_Tests/Pods-GRNetRequest_Tests.debug.xcconfig"; sourceTree = "<group>"; };
		6003F58A195388D20070C39A /* GRNetRequest_Example.app */ = {isa = PBXFileReference; explicitFileType = wrapper.application; includeInIndex = 0; path = GRNetRequest_Example.app; sourceTree = BUILT_PRODUCTS_DIR; };
		6003F58D195388D20070C39A /* Foundation.framework */ = {isa = PBXFileReference; lastKnownFileType = wrapper.framework; name = Foundation.framework; path = System/Library/Frameworks/Foundation.framework; sourceTree = SDKROOT; };
		6003F58F195388D20070C39A /* CoreGraphics.framework */ = {isa = PBXFileReference; lastKnownFileType = wrapper.framework; name = CoreGraphics.framework; path = System/Library/Frameworks/CoreGraphics.framework; sourceTree = SDKROOT; };
		6003F591195388D20070C39A /* UIKit.framework */ = {isa = PBXFileReference; lastKnownFileType = wrapper.framework; name = UIKit.framework; path = System/Library/Frameworks/UIKit.framework; sourceTree = SDKROOT; };
		6003F595195388D20070C39A /* GRNetRequest-Info.plist */ = {isa = PBXFileReference; lastKnownFileType = text.plist.xml; path = "GRNetRequest-Info.plist"; sourceTree = "<group>"; };
		6003F597195388D20070C39A /* en */ = {isa = PBXFileReference; lastKnownFileType = text.plist.strings; name = en; path = en.lproj/InfoPlist.strings; sourceTree = "<group>"; };
		6003F599195388D20070C39A /* main.m */ = {isa = PBXFileReference; lastKnownFileType = sourcecode.c.objc; path = main.m; sourceTree = "<group>"; };
		6003F59B195388D20070C39A /* GRNetRequest-Prefix.pch */ = {isa = PBXFileReference; lastKnownFileType = sourcecode.c.h; path = "GRNetRequest-Prefix.pch"; sourceTree = "<group>"; };
		6003F59C195388D20070C39A /* GRAppDelegate.h */ = {isa = PBXFileReference; lastKnownFileType = sourcecode.c.h; path = GRAppDelegate.h; sourceTree = "<group>"; };
		6003F59D195388D20070C39A /* GRAppDelegate.m */ = {isa = PBXFileReference; lastKnownFileType = sourcecode.c.objc; path = GRAppDelegate.m; sourceTree = "<group>"; };
		6003F5A8195388D20070C39A /* Images.xcassets */ = {isa = PBXFileReference; lastKnownFileType = folder.assetcatalog; path = Images.xcassets; sourceTree = "<group>"; };
		6003F5AE195388D20070C39A /* GRNetRequest_Tests.xctest */ = {isa = PBXFileReference; explicitFileType = wrapper.cfbundle; includeInIndex = 0; path = GRNetRequest_Tests.xctest; sourceTree = BUILT_PRODUCTS_DIR; };
		6003F5AF195388D20070C39A /* XCTest.framework */ = {isa = PBXFileReference; lastKnownFileType = wrapper.framework; name = XCTest.framework; path = Library/Frameworks/XCTest.framework; sourceTree = DEVELOPER_DIR; };
		6003F5B7195388D20070C39A /* Tests-Info.plist */ = {isa = PBXFileReference; lastKnownFileType = text.plist.xml; path = "Tests-Info.plist"; sourceTree = "<group>"; };
		6003F5B9195388D20070C39A /* en */ = {isa = PBXFileReference; lastKnownFileType = text.plist.strings; name = en; path = en.lproj/InfoPlist.strings; sourceTree = "<group>"; };
		6003F5BB195388D20070C39A /* Tests.m */ = {isa = PBXFileReference; lastKnownFileType = sourcecode.c.objc; path = Tests.m; sourceTree = "<group>"; };
		606FC2411953D9B200FFA9A0 /* Tests-Prefix.pch */ = {isa = PBXFileReference; lastKnownFileType = sourcecode.c.h; path = "Tests-Prefix.pch"; sourceTree = "<group>"; };
		6D7DBB4833A1344286A710C7 /* Pods-GRNetRequest_Tests.release.xcconfig */ = {isa = PBXFileReference; includeInIndex = 1; lastKnownFileType = text.xcconfig; name = "Pods-GRNetRequest_Tests.release.xcconfig"; path = "Pods/Target Support Files/Pods-GRNetRequest_Tests/Pods-GRNetRequest_Tests.release.xcconfig"; sourceTree = "<group>"; };
		8F690E9A21CFA0FD68D87398 /* Pods_GRNetRequest_Example.framework */ = {isa = PBXFileReference; explicitFileType = wrapper.framework; includeInIndex = 0; path = Pods_GRNetRequest_Example.framework; sourceTree = BUILT_PRODUCTS_DIR; };
		9C03EBCF1EA7286500017C9B /* GRShopListViewController.h */ = {isa = PBXFileReference; fileEncoding = 4; lastKnownFileType = sourcecode.c.h; path = GRShopListViewController.h; sourceTree = "<group>"; };
		9C03EBD01EA7286500017C9B /* GRShopListViewController.m */ = {isa = PBXFileReference; fileEncoding = 4; lastKnownFileType = sourcecode.c.objc; path = GRShopListViewController.m; sourceTree = "<group>"; };
		9C03EBD21EA7286500017C9B /* GRShopList.h */ = {isa = PBXFileReference; fileEncoding = 4; lastKnownFileType = sourcecode.c.h; path = GRShopList.h; sourceTree = "<group>"; };
		9C03EBD31EA7286500017C9B /* GRShopList.m */ = {isa = PBXFileReference; fileEncoding = 4; lastKnownFileType = sourcecode.c.objc; path = GRShopList.m; sourceTree = "<group>"; };
		9C03EBD41EA7286500017C9B /* GRShopListRequest.h */ = {isa = PBXFileReference; fileEncoding = 4; lastKnownFileType = sourcecode.c.h; path = GRShopListRequest.h; sourceTree = "<group>"; };
		9C03EBD51EA7286500017C9B /* GRShopListRequest.m */ = {isa = PBXFileReference; fileEncoding = 4; lastKnownFileType = sourcecode.c.objc; path = GRShopListRequest.m; sourceTree = "<group>"; };
		9C03EBD71EA7286500017C9B /* GRShopListCell.h */ = {isa = PBXFileReference; fileEncoding = 4; lastKnownFileType = sourcecode.c.h; path = GRShopListCell.h; sourceTree = "<group>"; };
		9C03EBD81EA7286500017C9B /* GRShopListCell.m */ = {isa = PBXFileReference; fileEncoding = 4; lastKnownFileType = sourcecode.c.objc; path = GRShopListCell.m; sourceTree = "<group>"; };
		9C03EBD91EA7286500017C9B /* GRShopListCell.xib */ = {isa = PBXFileReference; fileEncoding = 4; lastKnownFileType = file.xib; path = GRShopListCell.xib; sourceTree = "<group>"; };
		9C03EBDF1EA728CC00017C9B /* GRAppStyle.m */ = {isa = PBXFileReference; fileEncoding = 4; lastKnownFileType = sourcecode.c.objc; path = GRAppStyle.m; sourceTree = "<group>"; };
		9C03EBE01EA728CC00017C9B /* GRAppStyle.h */ = {isa = PBXFileReference; fileEncoding = 4; lastKnownFileType = sourcecode.c.h; path = GRAppStyle.h; sourceTree = "<group>"; };
		9C03EBE21EA7290D00017C9B /* GRListTypeModel.m */ = {isa = PBXFileReference; fileEncoding = 4; lastKnownFileType = sourcecode.c.objc; path = GRListTypeModel.m; sourceTree = "<group>"; };
		9C03EBE31EA7290D00017C9B /* GRListTypeModel.h */ = {isa = PBXFileReference; fileEncoding = 4; lastKnownFileType = sourcecode.c.h; path = GRListTypeModel.h; sourceTree = "<group>"; };
		9C03EBE51EA7297000017C9B /* GRMacro.h */ = {isa = PBXFileReference; fileEncoding = 4; lastKnownFileType = sourcecode.c.h; path = GRMacro.h; sourceTree = "<group>"; };
		9C03EBE61EA729A200017C9B /* UIView+GRShortcut.m */ = {isa = PBXFileReference; fileEncoding = 4; lastKnownFileType = sourcecode.c.objc; path = "UIView+GRShortcut.m"; sourceTree = "<group>"; };
		9C03EBE71EA729A200017C9B /* UIView+GRShortcut.h */ = {isa = PBXFileReference; fileEncoding = 4; lastKnownFileType = sourcecode.c.h; path = "UIView+GRShortcut.h"; sourceTree = "<group>"; };
		9C03EBEA1EA72B0800017C9B /* GRViewController.m */ = {isa = PBXFileReference; fileEncoding = 4; lastKnownFileType = sourcecode.c.objc; path = GRViewController.m; sourceTree = "<group>"; };
		9C03EBEB1EA72B0800017C9B /* GRViewController.h */ = {isa = PBXFileReference; fileEncoding = 4; lastKnownFileType = sourcecode.c.h; path = GRViewController.h; sourceTree = "<group>"; };
		9C03EBED1EA72B6800017C9B /* MBProgressHUD.m */ = {isa = PBXFileReference; fileEncoding = 4; lastKnownFileType = sourcecode.c.objc; path = MBProgressHUD.m; sourceTree = "<group>"; };
		9C03EBEE1EA72B6800017C9B /* MBProgressHUD.h */ = {isa = PBXFileReference; fileEncoding = 4; lastKnownFileType = sourcecode.c.h; path = MBProgressHUD.h; sourceTree = "<group>"; };
		9C03EBF01EA72BD600017C9B /* UIImage+GROperation.m */ = {isa = PBXFileReference; fileEncoding = 4; lastKnownFileType = sourcecode.c.objc; path = "UIImage+GROperation.m"; sourceTree = "<group>"; };
		9C03EBF11EA72BD600017C9B /* UIImage+GROperation.h */ = {isa = PBXFileReference; fileEncoding = 4; lastKnownFileType = sourcecode.c.h; path = "UIImage+GROperation.h"; sourceTree = "<group>"; };
		9C03EBF21EA72BD600017C9B /* NSString+GRCommen.m */ = {isa = PBXFileReference; fileEncoding = 4; lastKnownFileType = sourcecode.c.objc; path = "NSString+GRCommen.m"; sourceTree = "<group>"; };
		9C03EBF31EA72BD600017C9B /* NSString+GRCommen.h */ = {isa = PBXFileReference; fileEncoding = 4; lastKnownFileType = sourcecode.c.h; path = "NSString+GRCommen.h"; sourceTree = "<group>"; };
		9C03EBF61EA72C2F00017C9B /* MBProgressHUD+GRShow.m */ = {isa = PBXFileReference; fileEncoding = 4; lastKnownFileType = sourcecode.c.objc; path = "MBProgressHUD+GRShow.m"; sourceTree = "<group>"; };
		9C03EBF71EA72C2F00017C9B /* MBProgressHUD+GRShow.h */ = {isa = PBXFileReference; fileEncoding = 4; lastKnownFileType = sourcecode.c.h; path = "MBProgressHUD+GRShow.h"; sourceTree = "<group>"; };
		9C03EBFC1EA72F5000017C9B /* Base */ = {isa = PBXFileReference; lastKnownFileType = file.storyboard; name = Base; path = Base.lproj/LaunchScreen.storyboard; sourceTree = "<group>"; };
		C0B08F6752D4DB79167CD3E9 /* GRNetRequest.podspec */ = {isa = PBXFileReference; includeInIndex = 1; lastKnownFileType = text; name = GRNetRequest.podspec; path = ../GRNetRequest.podspec; sourceTree = "<group>"; };
		C0FD186D2D18099AF9A27EA9 /* LICENSE */ = {isa = PBXFileReference; includeInIndex = 1; lastKnownFileType = text; name = LICENSE; path = ../LICENSE; sourceTree = "<group>"; };
		D68A99F2F9D66F1A826749C6 /* Pods_GRNetRequest_Tests.framework */ = {isa = PBXFileReference; explicitFileType = wrapper.framework; includeInIndex = 0; path = Pods_GRNetRequest_Tests.framework; sourceTree = BUILT_PRODUCTS_DIR; };
		F02113A9B8A0E29BA2ADB663 /* README.md */ = {isa = PBXFileReference; includeInIndex = 1; lastKnownFileType = net.daringfireball.markdown; name = README.md; path = ../README.md; sourceTree = "<group>"; };
		FAF8E341826780B583AF7A8C /* Pods-GRNetRequest_Example.debug.xcconfig */ = {isa = PBXFileReference; includeInIndex = 1; lastKnownFileType = text.xcconfig; name = "Pods-GRNetRequest_Example.debug.xcconfig"; path = "Pods/Target Support Files/Pods-GRNetRequest_Example/Pods-GRNetRequest_Example.debug.xcconfig"; sourceTree = "<group>"; };
/* End PBXFileReference section */

/* Begin PBXFrameworksBuildPhase section */
		6003F587195388D20070C39A /* Frameworks */ = {
			isa = PBXFrameworksBuildPhase;
			buildActionMask = 2147483647;
			files = (
				6003F590195388D20070C39A /* CoreGraphics.framework in Frameworks */,
				6003F592195388D20070C39A /* UIKit.framework in Frameworks */,
				6003F58E195388D20070C39A /* Foundation.framework in Frameworks */,
				F0E9D332238460EA00E95E07 /* Pods_GRNetRequest_Example.framework in Frameworks */,
			);
			runOnlyForDeploymentPostprocessing = 0;
		};
		6003F5AB195388D20070C39A /* Frameworks */ = {
			isa = PBXFrameworksBuildPhase;
			buildActionMask = 2147483647;
			files = (
				6003F5B0195388D20070C39A /* XCTest.framework in Frameworks */,
				6003F5B2195388D20070C39A /* UIKit.framework in Frameworks */,
				6003F5B1195388D20070C39A /* Foundation.framework in Frameworks */,
				771B6802ED8DCC3C4FE4FDDC /* Pods_GRNetRequest_Tests.framework in Frameworks */,
			);
			runOnlyForDeploymentPostprocessing = 0;
		};
/* End PBXFrameworksBuildPhase section */

/* Begin PBXGroup section */
		6003F581195388D10070C39A = {
			isa = PBXGroup;
			children = (
				60FF7A9C1954A5C5007DD14C /* Podspec Metadata */,
				6003F593195388D20070C39A /* Example for GRNetRequest */,
				6003F5B5195388D20070C39A /* Tests */,
				6003F58C195388D20070C39A /* Frameworks */,
				6003F58B195388D20070C39A /* Products */,
				C1080285617B929A671C5AD8 /* Pods */,
			);
			sourceTree = "<group>";
		};
		6003F58B195388D20070C39A /* Products */ = {
			isa = PBXGroup;
			children = (
				6003F58A195388D20070C39A /* GRNetRequest_Example.app */,
				6003F5AE195388D20070C39A /* GRNetRequest_Tests.xctest */,
			);
			name = Products;
			sourceTree = "<group>";
		};
		6003F58C195388D20070C39A /* Frameworks */ = {
			isa = PBXGroup;
			children = (
				6003F58D195388D20070C39A /* Foundation.framework */,
				6003F58F195388D20070C39A /* CoreGraphics.framework */,
				6003F591195388D20070C39A /* UIKit.framework */,
				6003F5AF195388D20070C39A /* XCTest.framework */,
				8F690E9A21CFA0FD68D87398 /* Pods_GRNetRequest_Example.framework */,
				D68A99F2F9D66F1A826749C6 /* Pods_GRNetRequest_Tests.framework */,
			);
			name = Frameworks;
			sourceTree = "<group>";
		};
		6003F593195388D20070C39A /* Example for GRNetRequest */ = {
			isa = PBXGroup;
			children = (
				6003F59C195388D20070C39A /* GRAppDelegate.h */,
				6003F59D195388D20070C39A /* GRAppDelegate.m */,
				9C03EBFB1EA72F5000017C9B /* LaunchScreen.storyboard */,
				9C03EBCD1EA7286500017C9B /* Shop */,
				6003F5A8195388D20070C39A /* Images.xcassets */,
				6003F594195388D20070C39A /* Supporting Files */,
			);
			name = "Example for GRNetRequest";
			path = GRNetRequest;
			sourceTree = "<group>";
		};
		6003F594195388D20070C39A /* Supporting Files */ = {
			isa = PBXGroup;
			children = (
				6003F595195388D20070C39A /* GRNetRequest-Info.plist */,
				6003F596195388D20070C39A /* InfoPlist.strings */,
				6003F599195388D20070C39A /* main.m */,
				6003F59B195388D20070C39A /* GRNetRequest-Prefix.pch */,
			);
			name = "Supporting Files";
			sourceTree = "<group>";
		};
		6003F5B5195388D20070C39A /* Tests */ = {
			isa = PBXGroup;
			children = (
				6003F5BB195388D20070C39A /* Tests.m */,
				6003F5B6195388D20070C39A /* Supporting Files */,
			);
			path = Tests;
			sourceTree = "<group>";
		};
		6003F5B6195388D20070C39A /* Supporting Files */ = {
			isa = PBXGroup;
			children = (
				6003F5B7195388D20070C39A /* Tests-Info.plist */,
				6003F5B8195388D20070C39A /* InfoPlist.strings */,
				606FC2411953D9B200FFA9A0 /* Tests-Prefix.pch */,
			);
			name = "Supporting Files";
			sourceTree = "<group>";
		};
		60FF7A9C1954A5C5007DD14C /* Podspec Metadata */ = {
			isa = PBXGroup;
			children = (
				C0B08F6752D4DB79167CD3E9 /* GRNetRequest.podspec */,
				F02113A9B8A0E29BA2ADB663 /* README.md */,
				C0FD186D2D18099AF9A27EA9 /* LICENSE */,
			);
			name = "Podspec Metadata";
			sourceTree = "<group>";
		};
		9C03EBCD1EA7286500017C9B /* Shop */ = {
			isa = PBXGroup;
			children = (
				9C03EBE91EA72A6D00017C9B /* Support */,
				9C03EBCE1EA7286500017C9B /* Controller */,
				9C03EBD11EA7286500017C9B /* Model */,
				9C03EBD61EA7286500017C9B /* View */,
			);
			path = Shop;
			sourceTree = "<group>";
		};
		9C03EBCE1EA7286500017C9B /* Controller */ = {
			isa = PBXGroup;
			children = (
				9C03EBCF1EA7286500017C9B /* GRShopListViewController.h */,
				9C03EBD01EA7286500017C9B /* GRShopListViewController.m */,
			);
			path = Controller;
			sourceTree = "<group>";
		};
		9C03EBD11EA7286500017C9B /* Model */ = {
			isa = PBXGroup;
			children = (
				9C03EBD21EA7286500017C9B /* GRShopList.h */,
				9C03EBD31EA7286500017C9B /* GRShopList.m */,
				9C03EBD41EA7286500017C9B /* GRShopListRequest.h */,
				9C03EBD51EA7286500017C9B /* GRShopListRequest.m */,
			);
			path = Model;
			sourceTree = "<group>";
		};
		9C03EBD61EA7286500017C9B /* View */ = {
			isa = PBXGroup;
			children = (
				9C03EBD71EA7286500017C9B /* GRShopListCell.h */,
				9C03EBD81EA7286500017C9B /* GRShopListCell.m */,
				9C03EBD91EA7286500017C9B /* GRShopListCell.xib */,
			);
			path = View;
			sourceTree = "<group>";
		};
		9C03EBE91EA72A6D00017C9B /* Support */ = {
			isa = PBXGroup;
			children = (
				9C03EBE51EA7297000017C9B /* GRMacro.h */,
				9C03EBE61EA729A200017C9B /* UIView+GRShortcut.m */,
				9C03EBE71EA729A200017C9B /* UIView+GRShortcut.h */,
				9C03EBDF1EA728CC00017C9B /* GRAppStyle.m */,
				9C03EBE01EA728CC00017C9B /* GRAppStyle.h */,
				9C03EBE21EA7290D00017C9B /* GRListTypeModel.m */,
				9C03EBE31EA7290D00017C9B /* GRListTypeModel.h */,
				9C03EBEA1EA72B0800017C9B /* GRViewController.m */,
				9C03EBF61EA72C2F00017C9B /* MBProgressHUD+GRShow.m */,
				9C03EBF71EA72C2F00017C9B /* MBProgressHUD+GRShow.h */,
				9C03EBF01EA72BD600017C9B /* UIImage+GROperation.m */,
				9C03EBF11EA72BD600017C9B /* UIImage+GROperation.h */,
				9C03EBF21EA72BD600017C9B /* NSString+GRCommen.m */,
				9C03EBF31EA72BD600017C9B /* NSString+GRCommen.h */,
				9C03EBEB1EA72B0800017C9B /* GRViewController.h */,
				9C03EBED1EA72B6800017C9B /* MBProgressHUD.m */,
				9C03EBEE1EA72B6800017C9B /* MBProgressHUD.h */,
			);
			name = Support;
			sourceTree = "<group>";
		};
		C1080285617B929A671C5AD8 /* Pods */ = {
			isa = PBXGroup;
			children = (
				FAF8E341826780B583AF7A8C /* Pods-GRNetRequest_Example.debug.xcconfig */,
				23330752A22C8FAD70A9F6D5 /* Pods-GRNetRequest_Example.release.xcconfig */,
				5BE149D9B72C517132784CD5 /* Pods-GRNetRequest_Tests.debug.xcconfig */,
				6D7DBB4833A1344286A710C7 /* Pods-GRNetRequest_Tests.release.xcconfig */,
			);
			name = Pods;
			sourceTree = "<group>";
		};
/* End PBXGroup section */

/* Begin PBXNativeTarget section */
		6003F589195388D20070C39A /* GRNetRequest_Example */ = {
			isa = PBXNativeTarget;
			buildConfigurationList = 6003F5BF195388D20070C39A /* Build configuration list for PBXNativeTarget "GRNetRequest_Example" */;
			buildPhases = (
				CBF8799FA2456E6A49D1D9DA /* [CP] Check Pods Manifest.lock */,
				E96C9204093607366096E09A /* [CP] Check Pods Manifest.lock */,
				6003F586195388D20070C39A /* Sources */,
				6003F587195388D20070C39A /* Frameworks */,
				6003F588195388D20070C39A /* Resources */,
				E355A0991F98D1577B6AD178 /* [CP] Embed Pods Frameworks */,
				D5AA4750AAE7C1EB9779A4B2 /* [CP] Copy Pods Resources */,
				F2D7F94F94987E6853E53978 /* 📦 Embed Pods Frameworks */,
				45FCCEC02CDBFBD1F215956E /* 📦 Copy Pods Resources */,
			);
			buildRules = (
			);
			dependencies = (
			);
			name = GRNetRequest_Example;
			productName = GRNetRequest;
			productReference = 6003F58A195388D20070C39A /* GRNetRequest_Example.app */;
			productType = "com.apple.product-type.application";
		};
		6003F5AD195388D20070C39A /* GRNetRequest_Tests */ = {
			isa = PBXNativeTarget;
			buildConfigurationList = 6003F5C2195388D20070C39A /* Build configuration list for PBXNativeTarget "GRNetRequest_Tests" */;
			buildPhases = (
				1968889CF1BC52A45BFAB14F /* [CP] Check Pods Manifest.lock */,
				53646003E61ADE23AC05D41D /* [CP] Check Pods Manifest.lock */,
				6003F5AA195388D20070C39A /* Sources */,
				6003F5AB195388D20070C39A /* Frameworks */,
				6003F5AC195388D20070C39A /* Resources */,
				2D36E3C3E2474D282E063CC0 /* [CP] Embed Pods Frameworks */,
				2D6305CEB3A6FF38285CC5FD /* [CP] Copy Pods Resources */,
				82232F128343F5A69BC806DE /* 📦 Embed Pods Frameworks */,
				EC2B4C3A8430DE30F7D6D031 /* 📦 Copy Pods Resources */,
			);
			buildRules = (
			);
			dependencies = (
				6003F5B4195388D20070C39A /* PBXTargetDependency */,
			);
			name = GRNetRequest_Tests;
			productName = GRNetRequestTests;
			productReference = 6003F5AE195388D20070C39A /* GRNetRequest_Tests.xctest */;
			productType = "com.apple.product-type.bundle.unit-test";
		};
/* End PBXNativeTarget section */

/* Begin PBXProject section */
		6003F582195388D10070C39A /* Project object */ = {
			isa = PBXProject;
			attributes = {
				CLASSPREFIX = GR;
				LastUpgradeCheck = 0830;
				ORGANIZATIONNAME = "Assuner-Lee";
				TargetAttributes = {
					6003F5AD195388D20070C39A = {
						TestTargetID = 6003F589195388D20070C39A;
					};
				};
			};
			buildConfigurationList = 6003F585195388D10070C39A /* Build configuration list for PBXProject "GRNetRequest" */;
			compatibilityVersion = "Xcode 3.2";
			developmentRegion = English;
			hasScannedForEncodings = 0;
			knownRegions = (
				en,
				Base,
			);
			mainGroup = 6003F581195388D10070C39A;
			productRefGroup = 6003F58B195388D20070C39A /* Products */;
			projectDirPath = "";
			projectRoot = "";
			targets = (
				6003F589195388D20070C39A /* GRNetRequest_Example */,
				6003F5AD195388D20070C39A /* GRNetRequest_Tests */,
			);
		};
/* End PBXProject section */

/* Begin PBXResourcesBuildPhase section */
		6003F588195388D20070C39A /* Resources */ = {
			isa = PBXResourcesBuildPhase;
			buildActionMask = 2147483647;
			files = (
				9C03EBDE1EA7286500017C9B /* GRShopListCell.xib in Resources */,
				9C03EBFD1EA72F5000017C9B /* LaunchScreen.storyboard in Resources */,
				6003F5A9195388D20070C39A /* Images.xcassets in Resources */,
				6003F598195388D20070C39A /* InfoPlist.strings in Resources */,
			);
			runOnlyForDeploymentPostprocessing = 0;
		};
		6003F5AC195388D20070C39A /* Resources */ = {
			isa = PBXResourcesBuildPhase;
			buildActionMask = 2147483647;
			files = (
				6003F5BA195388D20070C39A /* InfoPlist.strings in Resources */,
			);
			runOnlyForDeploymentPostprocessing = 0;
		};
/* End PBXResourcesBuildPhase section */

/* Begin PBXShellScriptBuildPhase section */
		1968889CF1BC52A45BFAB14F /* [CP] Check Pods Manifest.lock */ = {
			isa = PBXShellScriptBuildPhase;
			buildActionMask = 2147483647;
			files = (
			);
			inputPaths = (
			);
			name = "[CP] Check Pods Manifest.lock";
			outputPaths = (
			);
			runOnlyForDeploymentPostprocessing = 0;
			shellPath = /bin/sh;
			shellScript = "diff \"${PODS_ROOT}/../Podfile.lock\" \"${PODS_ROOT}/Manifest.lock\" > /dev/null\nif [ $? != 0 ] ; then\n    # print error to STDERR\n    echo \"error: The sandbox is not in sync with the Podfile.lock. Run 'pod install' or update your CocoaPods installation.\" >&2\n    exit 1\nfi\n";
			showEnvVarsInLog = 0;
		};
		2D36E3C3E2474D282E063CC0 /* [CP] Embed Pods Frameworks */ = {
			isa = PBXShellScriptBuildPhase;
			buildActionMask = 2147483647;
			files = (
			);
			inputPaths = (
			);
			name = "[CP] Embed Pods Frameworks";
			outputPaths = (
			);
			runOnlyForDeploymentPostprocessing = 0;
			shellPath = /bin/sh;
			shellScript = "\"${SRCROOT}/Pods/Target Support Files/Pods-GRNetRequest_Tests/Pods-GRNetRequest_Tests-frameworks.sh\"\n";
			showEnvVarsInLog = 0;
		};
		2D6305CEB3A6FF38285CC5FD /* [CP] Copy Pods Resources */ = {
			isa = PBXShellScriptBuildPhase;
			buildActionMask = 2147483647;
			files = (
			);
			inputPaths = (
			);
			name = "[CP] Copy Pods Resources";
			outputPaths = (
			);
			runOnlyForDeploymentPostprocessing = 0;
			shellPath = /bin/sh;
			shellScript = "\"${SRCROOT}/Pods/Target Support Files/Pods-GRNetRequest_Tests/Pods-GRNetRequest_Tests-resources.sh\"\n";
			showEnvVarsInLog = 0;
		};
		45FCCEC02CDBFBD1F215956E /* 📦 Copy Pods Resources */ = {
			isa = PBXShellScriptBuildPhase;
			buildActionMask = 2147483647;
			files = (
			);
			inputPaths = (
			);
			name = "📦 Copy Pods Resources";
			outputPaths = (
			);
			runOnlyForDeploymentPostprocessing = 0;
			shellPath = /bin/sh;
			shellScript = "\"${SRCROOT}/Pods/Target Support Files/Pods-GRNetRequest_Example/Pods-GRNetRequest_Example-resources.sh\"\n";
			showEnvVarsInLog = 0;
		};
		53646003E61ADE23AC05D41D /* [CP] Check Pods Manifest.lock */ = {
			isa = PBXShellScriptBuildPhase;
			buildActionMask = 2147483647;
			files = (
			);
			inputPaths = (
			);
			name = "[CP] Check Pods Manifest.lock";
			outputPaths = (
			);
			runOnlyForDeploymentPostprocessing = 0;
			shellPath = /bin/sh;
			shellScript = "diff \"${PODS_PODFILE_DIR_PATH}/Podfile.lock\" \"${PODS_ROOT}/Manifest.lock\" > /dev/null\nif [ $? != 0 ] ; then\n    # print error to STDERR\n    echo \"error: The sandbox is not in sync with the Podfile.lock. Run 'pod install' or update your CocoaPods installation.\" >&2\n    exit 1\nfi\n";
			showEnvVarsInLog = 0;
		};
		82232F128343F5A69BC806DE /* 📦 Embed Pods Frameworks */ = {
			isa = PBXShellScriptBuildPhase;
			buildActionMask = 2147483647;
			files = (
			);
			inputPaths = (
			);
			name = "📦 Embed Pods Frameworks";
			outputPaths = (
			);
			runOnlyForDeploymentPostprocessing = 0;
			shellPath = /bin/sh;
			shellScript = "\"${SRCROOT}/Pods/Target Support Files/Pods-GRNetRequest_Tests/Pods-GRNetRequest_Tests-frameworks.sh\"\n";
			showEnvVarsInLog = 0;
		};
		CBF8799FA2456E6A49D1D9DA /* [CP] Check Pods Manifest.lock */ = {
			isa = PBXShellScriptBuildPhase;
			buildActionMask = 2147483647;
			files = (
			);
			inputPaths = (
			);
			name = "[CP] Check Pods Manifest.lock";
			outputPaths = (
			);
			runOnlyForDeploymentPostprocessing = 0;
			shellPath = /bin/sh;
			shellScript = "diff \"${PODS_ROOT}/../Podfile.lock\" \"${PODS_ROOT}/Manifest.lock\" > /dev/null\nif [ $? != 0 ] ; then\n    # print error to STDERR\n    echo \"error: The sandbox is not in sync with the Podfile.lock. Run 'pod install' or update your CocoaPods installation.\" >&2\n    exit 1\nfi\n";
			showEnvVarsInLog = 0;
		};
		D5AA4750AAE7C1EB9779A4B2 /* [CP] Copy Pods Resources */ = {
			isa = PBXShellScriptBuildPhase;
			buildActionMask = 2147483647;
			files = (
			);
			inputPaths = (
			);
			name = "[CP] Copy Pods Resources";
			outputPaths = (
			);
			runOnlyForDeploymentPostprocessing = 0;
			shellPath = /bin/sh;
			shellScript = "\"${SRCROOT}/Pods/Target Support Files/Pods-GRNetRequest_Example/Pods-GRNetRequest_Example-resources.sh\"\n";
			showEnvVarsInLog = 0;
		};
		E355A0991F98D1577B6AD178 /* [CP] Embed Pods Frameworks */ = {
			isa = PBXShellScriptBuildPhase;
			buildActionMask = 2147483647;
			files = (
			);
			inputPaths = (
			);
			name = "[CP] Embed Pods Frameworks";
			outputPaths = (
			);
			runOnlyForDeploymentPostprocessing = 0;
			shellPath = /bin/sh;
			shellScript = "\"${SRCROOT}/Pods/Target Support Files/Pods-GRNetRequest_Example/Pods-GRNetRequest_Example-frameworks.sh\"\n";
			showEnvVarsInLog = 0;
		};
		E96C9204093607366096E09A /* [CP] Check Pods Manifest.lock */ = {
			isa = PBXShellScriptBuildPhase;
			buildActionMask = 2147483647;
			files = (
			);
			inputPaths = (
			);
			name = "[CP] Check Pods Manifest.lock";
			outputPaths = (
			);
			runOnlyForDeploymentPostprocessing = 0;
			shellPath = /bin/sh;
			shellScript = "diff \"${PODS_PODFILE_DIR_PATH}/Podfile.lock\" \"${PODS_ROOT}/Manifest.lock\" > /dev/null\nif [ $? != 0 ] ; then\n    # print error to STDERR\n    echo \"error: The sandbox is not in sync with the Podfile.lock. Run 'pod install' or update your CocoaPods installation.\" >&2\n    exit 1\nfi\n";
			showEnvVarsInLog = 0;
		};
		EC2B4C3A8430DE30F7D6D031 /* 📦 Copy Pods Resources */ = {
			isa = PBXShellScriptBuildPhase;
			buildActionMask = 2147483647;
			files = (
			);
			inputPaths = (
			);
			name = "📦 Copy Pods Resources";
			outputPaths = (
			);
			runOnlyForDeploymentPostprocessing = 0;
			shellPath = /bin/sh;
			shellScript = "\"${SRCROOT}/Pods/Target Support Files/Pods-GRNetRequest_Tests/Pods-GRNetRequest_Tests-resources.sh\"\n";
			showEnvVarsInLog = 0;
		};
		F2D7F94F94987E6853E53978 /* 📦 Embed Pods Frameworks */ = {
			isa = PBXShellScriptBuildPhase;
			buildActionMask = 2147483647;
			files = (
			);
			inputPaths = (
			);
			name = "📦 Embed Pods Frameworks";
			outputPaths = (
			);
			runOnlyForDeploymentPostprocessing = 0;
			shellPath = /bin/sh;
			shellScript = "\"${SRCROOT}/Pods/Target Support Files/Pods-GRNetRequest_Example/Pods-GRNetRequest_Example-frameworks.sh\"\n";
			showEnvVarsInLog = 0;
		};
/* End PBXShellScriptBuildPhase section */

/* Begin PBXSourcesBuildPhase section */
		6003F586195388D20070C39A /* Sources */ = {
			isa = PBXSourcesBuildPhase;
			buildActionMask = 2147483647;
			files = (
				9C03EBE11EA728CC00017C9B /* GRAppStyle.m in Sources */,
				9C03EBDA1EA7286500017C9B /* GRShopListViewController.m in Sources */,
				9C03EBE81EA729A200017C9B /* UIView+GRShortcut.m in Sources */,
				6003F59E195388D20070C39A /* GRAppDelegate.m in Sources */,
				9C03EBEF1EA72B6800017C9B /* MBProgressHUD.m in Sources */,
				9C03EBDB1EA7286500017C9B /* GRShopList.m in Sources */,
				9C03EBE41EA7290D00017C9B /* GRListTypeModel.m in Sources */,
				6003F59A195388D20070C39A /* main.m in Sources */,
				9C03EBEC1EA72B0800017C9B /* GRViewController.m in Sources */,
				9C03EBF81EA72C2F00017C9B /* MBProgressHUD+GRShow.m in Sources */,
				9C03EBDD1EA7286500017C9B /* GRShopListCell.m in Sources */,
				9C03EBF51EA72BD600017C9B /* NSString+GRCommen.m in Sources */,
				9C03EBF41EA72BD600017C9B /* UIImage+GROperation.m in Sources */,
				9C03EBDC1EA7286500017C9B /* GRShopListRequest.m in Sources */,
			);
			runOnlyForDeploymentPostprocessing = 0;
		};
		6003F5AA195388D20070C39A /* Sources */ = {
			isa = PBXSourcesBuildPhase;
			buildActionMask = 2147483647;
			files = (
				6003F5BC195388D20070C39A /* Tests.m in Sources */,
			);
			runOnlyForDeploymentPostprocessing = 0;
		};
/* End PBXSourcesBuildPhase section */

/* Begin PBXTargetDependency section */
		6003F5B4195388D20070C39A /* PBXTargetDependency */ = {
			isa = PBXTargetDependency;
			target = 6003F589195388D20070C39A /* GRNetRequest_Example */;
			targetProxy = 6003F5B3195388D20070C39A /* PBXContainerItemProxy */;
		};
/* End PBXTargetDependency section */

/* Begin PBXVariantGroup section */
		6003F596195388D20070C39A /* InfoPlist.strings */ = {
			isa = PBXVariantGroup;
			children = (
				6003F597195388D20070C39A /* en */,
			);
			name = InfoPlist.strings;
			sourceTree = "<group>";
		};
		6003F5B8195388D20070C39A /* InfoPlist.strings */ = {
			isa = PBXVariantGroup;
			children = (
				6003F5B9195388D20070C39A /* en */,
			);
			name = InfoPlist.strings;
			sourceTree = "<group>";
		};
		9C03EBFB1EA72F5000017C9B /* LaunchScreen.storyboard */ = {
			isa = PBXVariantGroup;
			children = (
				9C03EBFC1EA72F5000017C9B /* Base */,
			);
			name = LaunchScreen.storyboard;
			sourceTree = "<group>";
		};
/* End PBXVariantGroup section */

/* Begin XCBuildConfiguration section */
		6003F5BD195388D20070C39A /* Debug */ = {
			isa = XCBuildConfiguration;
			buildSettings = {
				ALWAYS_SEARCH_USER_PATHS = NO;
				CLANG_CXX_LANGUAGE_STANDARD = "gnu++0x";
				CLANG_CXX_LIBRARY = "libc++";
				CLANG_ENABLE_MODULES = YES;
				CLANG_ENABLE_OBJC_ARC = YES;
				CLANG_WARN_BOOL_CONVERSION = YES;
				CLANG_WARN_CONSTANT_CONVERSION = YES;
				CLANG_WARN_DIRECT_OBJC_ISA_USAGE = YES_ERROR;
				CLANG_WARN_EMPTY_BODY = YES;
				CLANG_WARN_ENUM_CONVERSION = YES;
				CLANG_WARN_INFINITE_RECURSION = YES;
				CLANG_WARN_INT_CONVERSION = YES;
				CLANG_WARN_OBJC_ROOT_CLASS = YES_ERROR;
				CLANG_WARN_SUSPICIOUS_MOVE = YES;
				CLANG_WARN_UNREACHABLE_CODE = YES;
				CLANG_WARN__DUPLICATE_METHOD_MATCH = YES;
				"CODE_SIGN_IDENTITY[sdk=iphoneos*]" = "iPhone Developer";
				COPY_PHASE_STRIP = NO;
				ENABLE_STRICT_OBJC_MSGSEND = YES;
				ENABLE_TESTABILITY = YES;
				GCC_C_LANGUAGE_STANDARD = gnu99;
				GCC_DYNAMIC_NO_PIC = NO;
				GCC_NO_COMMON_BLOCKS = YES;
				GCC_OPTIMIZATION_LEVEL = 0;
				GCC_PREPROCESSOR_DEFINITIONS = (
					"DEBUG=1",
					"$(inherited)",
				);
				GCC_SYMBOLS_PRIVATE_EXTERN = NO;
				GCC_WARN_64_TO_32_BIT_CONVERSION = YES;
				GCC_WARN_ABOUT_RETURN_TYPE = YES_ERROR;
				GCC_WARN_UNDECLARED_SELECTOR = YES;
				GCC_WARN_UNINITIALIZED_AUTOS = YES_AGGRESSIVE;
				GCC_WARN_UNUSED_FUNCTION = YES;
				GCC_WARN_UNUSED_VARIABLE = YES;
				IPHONEOS_DEPLOYMENT_TARGET = 8.3;
				ONLY_ACTIVE_ARCH = YES;
				SDKROOT = iphoneos;
				TARGETED_DEVICE_FAMILY = "1,2";
			};
			name = Debug;
		};
		6003F5BE195388D20070C39A /* Release */ = {
			isa = XCBuildConfiguration;
			buildSettings = {
				ALWAYS_SEARCH_USER_PATHS = NO;
				CLANG_CXX_LANGUAGE_STANDARD = "gnu++0x";
				CLANG_CXX_LIBRARY = "libc++";
				CLANG_ENABLE_MODULES = YES;
				CLANG_ENABLE_OBJC_ARC = YES;
				CLANG_WARN_BOOL_CONVERSION = YES;
				CLANG_WARN_CONSTANT_CONVERSION = YES;
				CLANG_WARN_DIRECT_OBJC_ISA_USAGE = YES_ERROR;
				CLANG_WARN_EMPTY_BODY = YES;
				CLANG_WARN_ENUM_CONVERSION = YES;
				CLANG_WARN_INFINITE_RECURSION = YES;
				CLANG_WARN_INT_CONVERSION = YES;
				CLANG_WARN_OBJC_ROOT_CLASS = YES_ERROR;
				CLANG_WARN_SUSPICIOUS_MOVE = YES;
				CLANG_WARN_UNREACHABLE_CODE = YES;
				CLANG_WARN__DUPLICATE_METHOD_MATCH = YES;
				"CODE_SIGN_IDENTITY[sdk=iphoneos*]" = "iPhone Developer";
				COPY_PHASE_STRIP = YES;
				ENABLE_NS_ASSERTIONS = NO;
				ENABLE_STRICT_OBJC_MSGSEND = YES;
				GCC_C_LANGUAGE_STANDARD = gnu99;
				GCC_NO_COMMON_BLOCKS = YES;
				GCC_WARN_64_TO_32_BIT_CONVERSION = YES;
				GCC_WARN_ABOUT_RETURN_TYPE = YES_ERROR;
				GCC_WARN_UNDECLARED_SELECTOR = YES;
				GCC_WARN_UNINITIALIZED_AUTOS = YES_AGGRESSIVE;
				GCC_WARN_UNUSED_FUNCTION = YES;
				GCC_WARN_UNUSED_VARIABLE = YES;
				IPHONEOS_DEPLOYMENT_TARGET = 8.3;
				SDKROOT = iphoneos;
				TARGETED_DEVICE_FAMILY = "1,2";
				VALIDATE_PRODUCT = YES;
			};
			name = Release;
		};
		6003F5C0195388D20070C39A /* Debug */ = {
			isa = XCBuildConfiguration;
			baseConfigurationReference = FAF8E341826780B583AF7A8C /* Pods-GRNetRequest_Example.debug.xcconfig */;
			buildSettings = {
				ASSETCATALOG_COMPILER_APPICON_NAME = AppIcon;
				GCC_PRECOMPILE_PREFIX_HEADER = YES;
				GCC_PREFIX_HEADER = "GRNetRequest/GRNetRequest-Prefix.pch";
				INFOPLIST_FILE = "GRNetRequest/GRNetRequest-Info.plist";
				MODULE_NAME = ExampleApp;
				PRODUCT_BUNDLE_IDENTIFIER = "org.cocoapods.demo.${PRODUCT_NAME:rfc1034identifier}";
				PRODUCT_NAME = "$(TARGET_NAME)";
				WRAPPER_EXTENSION = app;
			};
			name = Debug;
		};
		6003F5C1195388D20070C39A /* Release */ = {
			isa = XCBuildConfiguration;
			baseConfigurationReference = 23330752A22C8FAD70A9F6D5 /* Pods-GRNetRequest_Example.release.xcconfig */;
			buildSettings = {
				ASSETCATALOG_COMPILER_APPICON_NAME = AppIcon;
				GCC_PRECOMPILE_PREFIX_HEADER = YES;
				GCC_PREFIX_HEADER = "GRNetRequest/GRNetRequest-Prefix.pch";
				INFOPLIST_FILE = "GRNetRequest/GRNetRequest-Info.plist";
				MODULE_NAME = ExampleApp;
				PRODUCT_BUNDLE_IDENTIFIER = "org.cocoapods.demo.${PRODUCT_NAME:rfc1034identifier}";
				PRODUCT_NAME = "$(TARGET_NAME)";
				WRAPPER_EXTENSION = app;
			};
			name = Release;
		};
		6003F5C3195388D20070C39A /* Debug */ = {
			isa = XCBuildConfiguration;
			baseConfigurationReference = 5BE149D9B72C517132784CD5 /* Pods-GRNetRequest_Tests.debug.xcconfig */;
			buildSettings = {
				BUNDLE_LOADER = "$(TEST_HOST)";
				CLANG_ALLOW_NON_MODULAR_INCLUDES_IN_FRAMEWORK_MODULES = YES;
				FRAMEWORK_SEARCH_PATHS = (
					"$(SDKROOT)/Developer/Library/Frameworks",
					"$(inherited)",
					"$(DEVELOPER_FRAMEWORKS_DIR)",
				);
				GCC_PRECOMPILE_PREFIX_HEADER = YES;
				GCC_PREFIX_HEADER = "Tests/Tests-Prefix.pch";
				GCC_PREPROCESSOR_DEFINITIONS = (
					"DEBUG=1",
					"$(inherited)",
				);
				INFOPLIST_FILE = "Tests/Tests-Info.plist";
				PRODUCT_BUNDLE_IDENTIFIER = "org.cocoapods.demo.${PRODUCT_NAME:rfc1034identifier}";
				PRODUCT_NAME = "$(TARGET_NAME)";
				TEST_HOST = "$(BUILT_PRODUCTS_DIR)/GRNetRequest_Example.app/GRNetRequest_Example";
				WRAPPER_EXTENSION = xctest;
			};
			name = Debug;
		};
		6003F5C4195388D20070C39A /* Release */ = {
			isa = XCBuildConfiguration;
			baseConfigurationReference = 6D7DBB4833A1344286A710C7 /* Pods-GRNetRequest_Tests.release.xcconfig */;
			buildSettings = {
				BUNDLE_LOADER = "$(TEST_HOST)";
				CLANG_ALLOW_NON_MODULAR_INCLUDES_IN_FRAMEWORK_MODULES = YES;
				FRAMEWORK_SEARCH_PATHS = (
					"$(SDKROOT)/Developer/Library/Frameworks",
					"$(inherited)",
					"$(DEVELOPER_FRAMEWORKS_DIR)",
				);
				GCC_PRECOMPILE_PREFIX_HEADER = YES;
				GCC_PREFIX_HEADER = "Tests/Tests-Prefix.pch";
				INFOPLIST_FILE = "Tests/Tests-Info.plist";
				PRODUCT_BUNDLE_IDENTIFIER = "org.cocoapods.demo.${PRODUCT_NAME:rfc1034identifier}";
				PRODUCT_NAME = "$(TARGET_NAME)";
				TEST_HOST = "$(BUILT_PRODUCTS_DIR)/GRNetRequest_Example.app/GRNetRequest_Example";
				WRAPPER_EXTENSION = xctest;
			};
			name = Release;
		};
/* End XCBuildConfiguration section */

/* Begin XCConfigurationList section */
		6003F585195388D10070C39A /* Build configuration list for PBXProject "GRNetRequest" */ = {
			isa = XCConfigurationList;
			buildConfigurations = (
				6003F5BD195388D20070C39A /* Debug */,
				6003F5BE195388D20070C39A /* Release */,
			);
			defaultConfigurationIsVisible = 0;
			defaultConfigurationName = Release;
		};
		6003F5BF195388D20070C39A /* Build configuration list for PBXNativeTarget "GRNetRequest_Example" */ = {
			isa = XCConfigurationList;
			buildConfigurations = (
				6003F5C0195388D20070C39A /* Debug */,
				6003F5C1195388D20070C39A /* Release */,
			);
			defaultConfigurationIsVisible = 0;
			defaultConfigurationName = Release;
		};
		6003F5C2195388D20070C39A /* Build configuration list for PBXNativeTarget "GRNetRequest_Tests" */ = {
			isa = XCConfigurationList;
			buildConfigurations = (
				6003F5C3195388D20070C39A /* Debug */,
				6003F5C4195388D20070C39A /* Release */,
			);
			defaultConfigurationIsVisible = 0;
			defaultConfigurationName = Release;
		};
/* End XCConfigurationList section */
	};
	rootObject = 6003F582195388D10070C39A /* Project object */;
}
